
Microsoft Visual Studio Solution File, Format Version 12.00
# Visual Studio 15
VisualStudioVersion = 15.0.27703.2026
MinimumVisualStudioVersion = 10.0.40219.1
Project("{FAE04EC0-301F-11D3-BF4B-00C04F79EFBC}") = "apicoreapp", "apicoreapp\apicoreapp.csproj", "{DA805913-1B85-4AAA-88DC-F829FE619151}"
EndProject
Project("{E53339B2-1760-4266-BCC7-CA923CBCF16C}") = "docker-compose", "docker-compose.dcproj", "{FDFEE31B-EEF5-4FDE-99B0-E68519653076}"
EndProject
Global
	GlobalSection(SolutionConfigurationPlatforms) = preSolution
		Debug|Any CPU = Debug|Any CPU
		Release|Any CPU = Release|Any CPU
	EndGlobalSection
	GlobalSection(ProjectConfigurationPlatforms) = postSolution
		{DA805913-1B85-4AAA-88DC-F829FE619151}.Debug|Any CPU.ActiveCfg = Debug|Any CPU
		{DA805913-1B85-4AAA-88DC-F829FE619151}.Debug|Any CPU.Build.0 = Debug|Any CPU
		{DA805913-1B85-4AAA-88DC-F829FE619151}.Release|Any CPU.ActiveCfg = Release|Any CPU
		{DA805913-1B85-4AAA-88DC-F829FE619151}.Release|Any CPU.Build.0 = Release|Any CPU
		{FDFEE31B-EEF5-4FDE-99B0-E68519653076}.Debug|Any CPU.ActiveCfg = Debug|Any CPU
		{FDFEE31B-EEF5-4FDE-99B0-E68519653076}.Debug|Any CPU.Build.0 = Debug|Any CPU
		{FDFEE31B-EEF5-4FDE-99B0-E68519653076}.Release|Any CPU.ActiveCfg = Release|Any CPU
		{FDFEE31B-EEF5-4FDE-99B0-E68519653076}.Release|Any CPU.Build.0 = Release|Any CPU
	EndGlobalSection
	GlobalSection(SolutionProperties) = preSolution
		HideSolutionNode = FALSE
	EndGlobalSection
	GlobalSection(ExtensibilityGlobals) = postSolution
		SolutionGuid = {DBDE86B4-3FE1-4E3B-8BDF-08665893864D}
	EndGlobalSection
EndGlobal
